
Microsoft Visual Studio Solution File, Format Version 12.00
# Visual Studio 15
VisualStudioVersion = 15.0.28010.2048
MinimumVisualStudioVersion = 10.0.40219.1
Project("{FAE04EC0-301F-11D3-BF4B-00C04F79EFBC}") = "Speckle_Adapter", "Speckle_Adapter\Speckle_Adapter.csproj", "{ADC4A383-C826-40D3-B639-90760BF32E74}"
EndProject
Project("{FAE04EC0-301F-11D3-BF4B-00C04F79EFBC}") = "Speckle_Engine", "Speckle_Engine\Speckle_Engine.csproj", "{94A03DE9-C196-49B1-A509-CBAFCD63BA3C}"
EndProject
Project("{FAE04EC0-301F-11D3-BF4B-00C04F79EFBC}") = "BHoM", "..\BHoM\BHoM\BHoM.csproj", "{94D88927-62A2-48FC-8EFE-D139B67A3373}"
EndProject
Project("{FAE04EC0-301F-11D3-BF4B-00C04F79EFBC}") = "BHoM_Engine", "..\BHoM_Engine\BHoM_Engine\BHoM_Engine.csproj", "{1AD45C88-DD54-48E5-951F-55EDFEB70E35}"
EndProject
Project("{FAE04EC0-301F-11D3-BF4B-00C04F79EFBC}") = "BHoM_Adapter", "..\BHoM_Adapter\BHoM_Adapter\BHoM_Adapter.csproj", "{C99A5DDF-78B1-4224-81AC-C5B90D03E423}"
EndProject
Project("{FAE04EC0-301F-11D3-BF4B-00C04F79EFBC}") = "Structure_Engine", "..\BHoM_Engine\Structure_Engine\Structure_Engine.csproj", "{52A31A0A-E340-4909-AAD6-228045B07BF3}"
EndProject
Project("{FAE04EC0-301F-11D3-BF4B-00C04F79EFBC}") = "Structure_oM", "..\BHoM\Structure_oM\Structure_oM.csproj", "{65022AE9-DA4B-49C0-B1A9-CE94058C0C86}"
EndProject
Project("{FAE04EC0-301F-11D3-BF4B-00C04F79EFBC}") = "Geometry_oM", "..\BHoM\Geometry_oM\Geometry_oM.csproj", "{5B09A2E5-CBF5-43E2-8D98-B5035391DB7B}"
EndProject
Global
	GlobalSection(SolutionConfigurationPlatforms) = preSolution
		Debug|Any CPU = Debug|Any CPU
		Release|Any CPU = Release|Any CPU
	EndGlobalSection
	GlobalSection(ProjectConfigurationPlatforms) = postSolution
		{ADC4A383-C826-40D3-B639-90760BF32E74}.Debug|Any CPU.ActiveCfg = Debug|Any CPU
		{ADC4A383-C826-40D3-B639-90760BF32E74}.Debug|Any CPU.Build.0 = Debug|Any CPU
		{ADC4A383-C826-40D3-B639-90760BF32E74}.Release|Any CPU.ActiveCfg = Release|Any CPU
		{ADC4A383-C826-40D3-B639-90760BF32E74}.Release|Any CPU.Build.0 = Release|Any CPU
		{94A03DE9-C196-49B1-A509-CBAFCD63BA3C}.Debug|Any CPU.ActiveCfg = Debug|Any CPU
		{94A03DE9-C196-49B1-A509-CBAFCD63BA3C}.Debug|Any CPU.Build.0 = Debug|Any CPU
		{94A03DE9-C196-49B1-A509-CBAFCD63BA3C}.Release|Any CPU.ActiveCfg = Release|Any CPU
		{94A03DE9-C196-49B1-A509-CBAFCD63BA3C}.Release|Any CPU.Build.0 = Release|Any CPU
		{94D88927-62A2-48FC-8EFE-D139B67A3373}.Debug|Any CPU.ActiveCfg = Debug|Any CPU
		{94D88927-62A2-48FC-8EFE-D139B67A3373}.Debug|Any CPU.Build.0 = Debug|Any CPU
		{94D88927-62A2-48FC-8EFE-D139B67A3373}.Release|Any CPU.ActiveCfg = Release|Any CPU
		{94D88927-62A2-48FC-8EFE-D139B67A3373}.Release|Any CPU.Build.0 = Release|Any CPU
		{1AD45C88-DD54-48E5-951F-55EDFEB70E35}.Debug|Any CPU.ActiveCfg = Debug|Any CPU
		{1AD45C88-DD54-48E5-951F-55EDFEB70E35}.Debug|Any CPU.Build.0 = Debug|Any CPU
		{1AD45C88-DD54-48E5-951F-55EDFEB70E35}.Release|Any CPU.ActiveCfg = Release|Any CPU
		{1AD45C88-DD54-48E5-951F-55EDFEB70E35}.Release|Any CPU.Build.0 = Release|Any CPU
		{C99A5DDF-78B1-4224-81AC-C5B90D03E423}.Debug|Any CPU.ActiveCfg = Debug|Any CPU
		{C99A5DDF-78B1-4224-81AC-C5B90D03E423}.Debug|Any CPU.Build.0 = Debug|Any CPU
		{C99A5DDF-78B1-4224-81AC-C5B90D03E423}.Release|Any CPU.ActiveCfg = Release|Any CPU
		{C99A5DDF-78B1-4224-81AC-C5B90D03E423}.Release|Any CPU.Build.0 = Release|Any CPU
		{52A31A0A-E340-4909-AAD6-228045B07BF3}.Debug|Any CPU.ActiveCfg = Debug|Any CPU
		{52A31A0A-E340-4909-AAD6-228045B07BF3}.Debug|Any CPU.Build.0 = Debug|Any CPU
		{52A31A0A-E340-4909-AAD6-228045B07BF3}.Release|Any CPU.ActiveCfg = Release|Any CPU
		{52A31A0A-E340-4909-AAD6-228045B07BF3}.Release|Any CPU.Build.0 = Release|Any CPU
		{65022AE9-DA4B-49C0-B1A9-CE94058C0C86}.Debug|Any CPU.ActiveCfg = Debug|Any CPU
		{65022AE9-DA4B-49C0-B1A9-CE94058C0C86}.Debug|Any CPU.Build.0 = Debug|Any CPU
		{65022AE9-DA4B-49C0-B1A9-CE94058C0C86}.Release|Any CPU.ActiveCfg = Release|Any CPU
		{65022AE9-DA4B-49C0-B1A9-CE94058C0C86}.Release|Any CPU.Build.0 = Release|Any CPU
		{5B09A2E5-CBF5-43E2-8D98-B5035391DB7B}.Debug|Any CPU.ActiveCfg = Debug|Any CPU
		{5B09A2E5-CBF5-43E2-8D98-B5035391DB7B}.Debug|Any CPU.Build.0 = Debug|Any CPU
		{5B09A2E5-CBF5-43E2-8D98-B5035391DB7B}.Release|Any CPU.ActiveCfg = Release|Any CPU
		{5B09A2E5-CBF5-43E2-8D98-B5035391DB7B}.Release|Any CPU.Build.0 = Release|Any CPU
	EndGlobalSection
	GlobalSection(SolutionProperties) = preSolution
		HideSolutionNode = FALSE
	EndGlobalSection
	GlobalSection(ExtensibilityGlobals) = postSolution
		SolutionGuid = {C18E5C66-1244-43D8-95F5-DF57E48C03F2}
	EndGlobalSection
EndGlobal
